{
  "name": "hcom-error",
  "version": "1.0.1",
  "lockfileVersion": 2,
  "requires": true,
  "packages": {
    "": {
      "name": "hcom-error",
      "version": "1.0.1",
      "license": "MIT",
      "dependencies": {
        "hcom-error": "^1.0.1"
      }
    },
    "node_modules/hcom-error": {
      "version": "1.0.1",
      "resolved": "https://registry.npmjs.org/hcom-error/-/hcom-error-1.0.1.tgz",
      "integrity": "sha512-VRl9fzaMrxO4vObmmCv3KwaMdLC03rHvviQEjwFZpdkAQv56RZlm/AbiamgWqX0z2XE01WPYdCcnhLZTqxEKjA==",
      "dependencies": {
        "hcom-error": "^1.0.0"
      }
    }
  },
  "dependencies": {
    "hcom-error": {
      "version": "1.0.1",
      "resolved": "https://registry.npmjs.org/hcom-error/-/hcom-error-1.0.1.tgz",
      "integrity": "sha512-VRl9fzaMrxO4vObmmCv3KwaMdLC03rHvviQEjwFZpdkAQv56RZlm/AbiamgWqX0z2XE01WPYdCcnhLZTqxEKjA==",
      "requires": {
        "hcom-error": "^1.0.0"
      }
    }
  }
}
