{
  "name": "hcom-error",
  "version": "1.0.0",
  "lockfileVersion": 2,
  "requires": true,
  "packages": {
    "": {
      "name": "hcom-error",
      "version": "1.0.0",
      "license": "MIT",
      "dependencies": {
        "hcom-error": "^1.0.0"
      }
    },
    "node_modules/hcom-error": {
      "version": "1.0.0",
      "resolved": "https://registry.npmjs.org/hcom-error/-/hcom-error-1.0.0.tgz",
      "integrity": "sha512-NoBvQdDtpS30drtVJSrwTKr+ry631Bqk2YiORPUuxjfqiV4OYW4GRVXsDI6iyMzgzpBqEMsg4ucRDHxHkSrW6Q=="
    }
  },
  "dependencies": {
    "hcom-error": {
      "version": "1.0.0",
      "resolved": "https://registry.npmjs.org/hcom-error/-/hcom-error-1.0.0.tgz",
      "integrity": "sha512-NoBvQdDtpS30drtVJSrwTKr+ry631Bqk2YiORPUuxjfqiV4OYW4GRVXsDI6iyMzgzpBqEMsg4ucRDHxHkSrW6Q=="
    }
  }
}
